{
  "name": "government.github.com",
  "version": "1.0.0",
  "lockfileVersion": 2,
  "requires": true,
  "packages": {
    "": {
      "name": "government.github.com",
      "version": "1.0.0",
      "license": "ISC",
      "dependencies": {
        "octicons": "^5.0.1",
        "primer-core": "^6.2.0",
        "primer-marketing": "^5.2.0"
      }
    },
    "node_modules/octicons": {
      "version": "5.0.1",
      "license": "(OFL-1.1 OR MIT)"
    },
    "node_modules/primer-base": {
      "version": "1.3.0",
      "license": "MIT",
      "dependencies": {
        "primer-support": "^4.2.0"
      }
    },
    "node_modules/primer-box": {
      "version": "2.3.0",
      "license": "MIT",
      "dependencies": {
        "primer-support": "^4.2.0"
      }
    },
    "node_modules/primer-breadcrumb": {
      "version": "1.2.0",
      "license": "MIT",
      "dependencies": {
        "primer-marketing-support": "^1.2.0",
        "primer-support": "^4.2.0"
      }
    },
    "node_modules/primer-buttons": {
      "version": "2.2.0",
      "license": "MIT",
      "dependencies": {
        "primer-support": "^4.2.0"
      }
    },
    "node_modules/primer-cards": {
      "version": "0.3.0",
      "license": "MIT",
      "dependencies": {
        "primer-marketing-support": "^1.2.0",
        "primer-support": "^4.2.0"
      }
    },
    "node_modules/primer-core": {
      "version": "6.2.0",
      "license": "MIT",
      "dependencies": {
        "primer-base": "^1.3.0",
        "primer-box": "^2.3.0",
        "primer-buttons": "^2.2.0",
        "primer-forms": "^1.2.0",
        "primer-layout": "^1.2.0",
        "primer-navigation": "^1.2.0",
        "primer-support": "^4.2.0",
        "primer-table-object": "^1.2.0",
        "primer-tooltips": "^1.2.0",
        "primer-truncate": "^1.2.0",
        "primer-utilities": "^4.5.0"
      }
    },
    "node_modules/primer-forms": {
      "version": "1.2.0",
      "license": "MIT",
      "dependencies": {
        "primer-support": "^4.2.0"
      }
    },
    "node_modules/primer-layout": {
      "version": "1.2.0",
      "license": "MIT",
      "dependencies": {
        "primer-support": "^4.2.0"
      }
    },
    "node_modules/primer-marketing": {
      "version": "5.2.0",
      "license": "MIT",
      "dependencies": {
        "primer-breadcrumb": "^1.2.0",
        "primer-cards": "^0.3.0",
        "primer-marketing-support": "^1.2.0",
        "primer-marketing-type": "^1.2.0",
        "primer-marketing-utilities": "^1.2.0",
        "primer-page-headers": "^1.2.0",
        "primer-page-sections": "^1.2.0",
        "primer-support": "^4.2.0",
        "primer-tables": "^1.2.0"
      }
    },
    "node_modules/primer-marketing-support": {
      "version": "1.2.0",
      "license": "MIT"
    },
    "node_modules/primer-marketing-type": {
      "version": "1.2.0",
      "license": "MIT",
      "dependencies": {
        "primer-marketing-support": "^1.2.0",
        "primer-support": "^4.2.0"
      }
    },
    "node_modules/primer-marketing-utilities": {
      "version": "1.2.0",
      "license": "MIT",
      "dependencies": {
        "primer-marketing-support": "^1.2.0",
        "primer-support": "^4.2.0"
      }
    },
    "node_modules/primer-navigation": {
      "version": "1.2.0",
      "license": "MIT",
      "dependencies": {
        "primer-support": "^4.2.0"
      }
    },
    "node_modules/primer-page-headers": {
      "version": "1.2.0",
      "license": "MIT",
      "dependencies": {
        "primer-marketing-support": "^1.2.0",
        "primer-support": "^4.2.0"
      }
    },
    "node_modules/primer-page-sections": {
      "version": "1.2.0",
      "license": "MIT",
      "dependencies": {
        "primer-marketing-support": "^1.2.0",
        "primer-support": "^4.2.0"
      }
    },
    "node_modules/primer-support": {
      "version": "4.2.0",
      "license": "MIT"
    },
    "node_modules/primer-table-object": {
      "version": "1.2.0",
      "license": "MIT",
      "dependencies": {
        "primer-support": "^4.2.0"
      }
    },
    "node_modules/primer-tables": {
      "version": "1.2.0",
      "license": "MIT",
      "dependencies": {
        "primer-marketing-support": "^1.2.0",
        "primer-support": "^4.2.0"
      }
    },
    "node_modules/primer-tooltips": {
      "version": "1.2.0",
      "license": "MIT",
      "dependencies": {
        "primer-support": "^4.2.0"
      }
    },
    "node_modules/primer-truncate": {
      "version": "1.2.0",
      "license": "MIT",
      "dependencies": {
        "primer-support": "^4.2.0"
      }
    },
    "node_modules/primer-utilities": {
      "version": "4.5.0",
      "license": "MIT",
      "dependencies": {
        "primer-support": "^4.2.0"
      }
    }
  },
  "dependencies": {
    "octicons": {
      "version": "5.0.1"
    },
    "primer-base": {
      "version": "1.3.0",
      "requires": {
        "primer-support": "^4.2.0"
      }
    },
    "primer-box": {
      "version": "2.3.0",
      "requires": {
        "primer-support": "^4.2.0"
      }
    },
    "primer-breadcrumb": {
      "version": "1.2.0",
      "requires": {
        "primer-marketing-support": "^1.2.0",
        "primer-support": "^4.2.0"
      }
    },
    "primer-buttons": {
      "version": "2.2.0",
      "requires": {
        "primer-support": "^4.2.0"
      }
    },
    "primer-cards": {
      "version": "0.3.0",
      "requires": {
        "primer-marketing-support": "^1.2.0",
        "primer-support": "^4.2.0"
      }
    },
    "primer-core": {
      "version": "6.2.0",
      "requires": {
        "primer-base": "^1.3.0",
        "primer-box": "^2.3.0",
        "primer-buttons": "^2.2.0",
        "primer-forms": "^1.2.0",
        "primer-layout": "^1.2.0",
        "primer-navigation": "^1.2.0",
        "primer-support": "^4.2.0",
        "primer-table-object": "^1.2.0",
        "primer-tooltips": "^1.2.0",
        "primer-truncate": "^1.2.0",
        "primer-utilities": "^4.5.0"
      }
    },
    "primer-forms": {
      "version": "1.2.0",
      "requires": {
        "primer-support": "^4.2.0"
      }
    },
    "primer-layout": {
      "version": "1.2.0",
      "requires": {
        "primer-support": "^4.2.0"
      }
    },
    "primer-marketing": {
      "version": "5.2.0",
      "requires": {
        "primer-breadcrumb": "^1.2.0",
        "primer-cards": "^0.3.0",
        "primer-marketing-support": "^1.2.0",
        "primer-marketing-type": "^1.2.0",
        "primer-marketing-utilities": "^1.2.0",
        "primer-page-headers": "^1.2.0",
        "primer-page-sections": "^1.2.0",
        "primer-support": "^4.2.0",
        "primer-tables": "^1.2.0"
      }
    },
    "primer-marketing-support": {
      "version": "1.2.0"
    },
    "primer-marketing-type": {
      "version": "1.2.0",
      "requires": {
        "primer-marketing-support": "^1.2.0",
        "primer-support": "^4.2.0"
      }
    },
    "primer-marketing-utilities": {
      "version": "1.2.0",
      "requires": {
        "primer-marketing-support": "^1.2.0",
        "primer-support": "^4.2.0"
      }
    },
    "primer-navigation": {
      "version": "1.2.0",
      "requires": {
        "primer-support": "^4.2.0"
      }
    },
    "primer-page-headers": {
      "version": "1.2.0",
      "requires": {
        "primer-marketing-support": "^1.2.0",
        "primer-support": "^4.2.0"
      }
    },
    "primer-page-sections": {
      "version": "1.2.0",
      "requires": {
        "primer-marketing-support": "^1.2.0",
        "primer-support": "^4.2.0"
      }
    },
    "primer-support": {
      "version": "4.2.0"
    },
    "primer-table-object": {
      "version": "1.2.0",
      "requires": {
        "primer-support": "^4.2.0"
      }
    },
    "primer-tables": {
      "version": "1.2.0",
      "requires": {
        "primer-marketing-support": "^1.2.0",
        "primer-support": "^4.2.0"
      }
    },
    "primer-tooltips": {
      "version": "1.2.0",
      "requires": {
        "primer-support": "^4.2.0"
      }
    },
    "primer-truncate": {
      "version": "1.2.0",
      "requires": {
        "primer-support": "^4.2.0"
      }
    },
    "primer-utilities": {
      "version": "4.5.0",
      "requires": {
        "primer-support": "^4.2.0"
      }
    }
  }
}
